# THIS IS AN AUTOGENERATED FILE. DO NOT EDIT THIS FILE DIRECTLY.
# yarn lockfile v1


"@aws-crypto/sha256-browser@5.2.0":
  version "5.2.0"
  resolved "https://registry.npmjs.org/@aws-crypto/sha256-browser/-/sha256-browser-5.2.0.tgz"
  integrity sha512-AXfN/lGotSQwu6HNcEsIASo7kWXZ5HYWvfOmSNKDsEqC4OashTp8alTmaz+F7TC2L083SFv5RdB+qU3Vs1kZqw==
  dependencies:
    "@aws-crypto/sha256-js" "^5.2.0"
    "@aws-crypto/supports-web-crypto" "^5.2.0"
    "@aws-crypto/util" "^5.2.0"
    "@aws-sdk/types" "^3.222.0"
    "@aws-sdk/util-locate-window" "^3.0.0"
    "@smithy/util-utf8" "^2.0.0"
    tslib "^2.6.2"

"@aws-crypto/sha256-js@^5.2.0", "@aws-crypto/sha256-js@5.2.0":
  version "5.2.0"
  resolved "https://registry.npmjs.org/@aws-crypto/sha256-js/-/sha256-js-5.2.0.tgz"
  integrity sha512-FFQQyu7edu4ufvIZ+OadFpHHOt+eSTBaYaki44c+akjg7qZg9oOQeLlk77F6tSYqjDAFClrHJk9tMf0HdVyOvA==
  dependencies:
    "@aws-crypto/util" "^5.2.0"
    "@aws-sdk/types" "^3.222.0"
    tslib "^2.6.2"

"@aws-crypto/supports-web-crypto@^5.2.0":
  version "5.2.0"
  resolved "https://registry.npmjs.org/@aws-crypto/supports-web-crypto/-/supports-web-crypto-5.2.0.tgz"
  integrity sha512-iAvUotm021kM33eCdNfwIN//F77/IADDSs58i+MDaOqFrVjZo9bAal0NK7HurRuWLLpF1iLX7gbWrjHjeo+YFg==
  dependencies:
    tslib "^2.6.2"

"@aws-crypto/util@^5.2.0":
  version "5.2.0"
  resolved "https://registry.npmjs.org/@aws-crypto/util/-/util-5.2.0.tgz"
  integrity sha512-4RkU9EsI6ZpBve5fseQlGNUWKMa1RLPQ1dnjnQoe07ldfIzcsGb5hC5W0Dm7u423KWzawlrpbjXBrXCEv9zazQ==
  dependencies:
    "@aws-sdk/types" "^3.222.0"
    "@smithy/util-utf8" "^2.0.0"
    tslib "^2.6.2"

"@aws-sdk/client-sso@^3.758.0":
  version "3.758.0"
  resolved "https://registry.npmjs.org/@aws-sdk/client-sso/-/client-sso-3.758.0.tgz"
  integrity sha512-BoGO6IIWrLyLxQG6txJw6RT2urmbtlwfggapNCrNPyYjlXpzTSJhBYjndg7TpDATFd0SXL0zm8y/tXsUXNkdYQ==
  dependencies:
    "@aws-crypto/sha256-browser" "5.2.0"
    "@aws-crypto/sha256-js" "5.2.0"
    "@aws-sdk/core" "3.758.0"
    "@aws-sdk/middleware-host-header" "3.734.0"
    "@aws-sdk/middleware-logger" "3.734.0"
    "@aws-sdk/middleware-recursion-detection" "3.734.0"
    "@aws-sdk/middleware-user-agent" "3.758.0"
    "@aws-sdk/region-config-resolver" "3.734.0"
    "@aws-sdk/types" "3.734.0"
    "@aws-sdk/util-endpoints" "3.743.0"
    "@aws-sdk/util-user-agent-browser" "3.734.0"
    "@aws-sdk/util-user-agent-node" "3.758.0"
    "@smithy/config-resolver" "^4.0.1"
    "@smithy/core" "^3.1.5"
    "@smithy/fetch-http-handler" "^5.0.1"
    "@smithy/hash-node" "^4.0.1"
    "@smithy/invalid-dependency" "^4.0.1"
    "@smithy/middleware-content-length" "^4.0.1"
    "@smithy/middleware-endpoint" "^4.0.6"
    "@smithy/middleware-retry" "^4.0.7"
    "@smithy/middleware-serde" "^4.0.2"
    "@smithy/middleware-stack" "^4.0.1"
    "@smithy/node-config-provider" "^4.0.1"
    "@smithy/node-http-handler" "^4.0.3"
    "@smithy/protocol-http" "^5.0.1"
    "@smithy/smithy-client" "^4.1.6"
    "@smithy/types" "^4.1.0"
    "@smithy/url-parser" "^4.0.1"
    "@smithy/util-base64" "^4.0.0"
    "@smithy/util-body-length-browser" "^4.0.0"
    "@smithy/util-body-length-node" "^4.0.0"
    "@smithy/util-defaults-mode-browser" "^4.0.7"
    "@smithy/util-defaults-mode-node" "^4.0.7"
    "@smithy/util-endpoints" "^3.0.1"
    "@smithy/util-middleware" "^4.0.1"
    "@smithy/util-retry" "^4.0.1"
    "@smithy/util-utf8" "^4.0.0"
    tslib "^2.6.2"

"@aws-sdk/core@3.758.0":
  version "3.758.0"
  resolved "https://registry.npmjs.org/@aws-sdk/core/-/core-3.758.0.tgz"
  integrity sha512-0RswbdR9jt/XKemaLNuxi2gGr4xGlHyGxkTdhSQzCyUe9A9OPCoLl3rIESRguQEech+oJnbHk/wuiwHqTuP9sg==
  dependencies:
    "@aws-sdk/types" "3.734.0"
    "@smithy/core" "^3.1.5"
    "@smithy/node-config-provider" "^4.0.1"
    "@smithy/property-provider" "^4.0.1"
    "@smithy/protocol-http" "^5.0.1"
    "@smithy/signature-v4" "^5.0.1"
    "@smithy/smithy-client" "^4.1.6"
    "@smithy/types" "^4.1.0"
    "@smithy/util-middleware" "^4.0.1"
    fast-xml-parser "4.4.1"
    tslib "^2.6.2"

"@aws-sdk/middleware-host-header@3.734.0":
  version "3.734.0"
  resolved "https://registry.npmjs.org/@aws-sdk/middleware-host-header/-/middleware-host-header-3.734.0.tgz"
  integrity sha512-LW7RRgSOHHBzWZnigNsDIzu3AiwtjeI2X66v+Wn1P1u+eXssy1+up4ZY/h+t2sU4LU36UvEf+jrZti9c6vRnFw==
  dependencies:
    "@aws-sdk/types" "3.734.0"
    "@smithy/protocol-http" "^5.0.1"
    "@smithy/types" "^4.1.0"
    tslib "^2.6.2"

"@aws-sdk/middleware-logger@3.734.0":
  version "3.734.0"
  resolved "https://registry.npmjs.org/@aws-sdk/middleware-logger/-/middleware-logger-3.734.0.tgz"
  integrity sha512-mUMFITpJUW3LcKvFok176eI5zXAUomVtahb9IQBwLzkqFYOrMJvWAvoV4yuxrJ8TlQBG8gyEnkb9SnhZvjg67w==
  dependencies:
    "@aws-sdk/types" "3.734.0"
    "@smithy/types" "^4.1.0"
    tslib "^2.6.2"

"@aws-sdk/middleware-recursion-detection@3.734.0":
  version "3.734.0"
  resolved "https://registry.npmjs.org/@aws-sdk/middleware-recursion-detection/-/middleware-recursion-detection-3.734.0.tgz"
  integrity sha512-CUat2d9ITsFc2XsmeiRQO96iWpxSKYFjxvj27Hc7vo87YUHRnfMfnc8jw1EpxEwMcvBD7LsRa6vDNky6AjcrFA==
  dependencies:
    "@aws-sdk/types" "3.734.0"
    "@smithy/protocol-http" "^5.0.1"
    "@smithy/types" "^4.1.0"
    tslib "^2.6.2"

"@aws-sdk/middleware-user-agent@3.758.0":
  version "3.758.0"
  resolved "https://registry.npmjs.org/@aws-sdk/middleware-user-agent/-/middleware-user-agent-3.758.0.tgz"
  integrity sha512-iNyehQXtQlj69JCgfaOssgZD4HeYGOwxcaKeG6F+40cwBjTAi0+Ph1yfDwqk2qiBPIRWJ/9l2LodZbxiBqgrwg==
  dependencies:
    "@aws-sdk/core" "3.758.0"
    "@aws-sdk/types" "3.734.0"
    "@aws-sdk/util-endpoints" "3.743.0"
    "@smithy/core" "^3.1.5"
    "@smithy/protocol-http" "^5.0.1"
    "@smithy/types" "^4.1.0"
    tslib "^2.6.2"

"@aws-sdk/region-config-resolver@3.734.0":
  version "3.734.0"
  resolved "https://registry.npmjs.org/@aws-sdk/region-config-resolver/-/region-config-resolver-3.734.0.tgz"
  integrity sha512-Lvj1kPRC5IuJBr9DyJ9T9/plkh+EfKLy+12s/mykOy1JaKHDpvj+XGy2YO6YgYVOb8JFtaqloid+5COtje4JTQ==
  dependencies:
    "@aws-sdk/types" "3.734.0"
    "@smithy/node-config-provider" "^4.0.1"
    "@smithy/types" "^4.1.0"
    "@smithy/util-config-provider" "^4.0.0"
    "@smithy/util-middleware" "^4.0.1"
    tslib "^2.6.2"

"@aws-sdk/types@^3.222.0", "@aws-sdk/types@3.734.0":
  version "3.734.0"
  resolved "https://registry.npmjs.org/@aws-sdk/types/-/types-3.734.0.tgz"
  integrity sha512-o11tSPTT70nAkGV1fN9wm/hAIiLPyWX6SuGf+9JyTp7S/rC2cFWhR26MvA69nplcjNaXVzB0f+QFrLXXjOqCrg==
  dependencies:
    "@smithy/types" "^4.1.0"
    tslib "^2.6.2"

"@aws-sdk/util-endpoints@3.743.0":
  version "3.743.0"
  resolved "https://registry.npmjs.org/@aws-sdk/util-endpoints/-/util-endpoints-3.743.0.tgz"
  integrity sha512-sN1l559zrixeh5x+pttrnd0A3+r34r0tmPkJ/eaaMaAzXqsmKU/xYre9K3FNnsSS1J1k4PEfk/nHDTVUgFYjnw==
  dependencies:
    "@aws-sdk/types" "3.734.0"
    "@smithy/types" "^4.1.0"
    "@smithy/util-endpoints" "^3.0.1"
    tslib "^2.6.2"

"@aws-sdk/util-locate-window@^3.0.0":
  version "3.723.0"
  resolved "https://registry.npmjs.org/@aws-sdk/util-locate-window/-/util-locate-window-3.723.0.tgz"
  integrity sha512-Yf2CS10BqK688DRsrKI/EO6B8ff5J86NXe4C+VCysK7UOgN0l1zOTeTukZ3H8Q9tYYX3oaF1961o8vRkFm7Nmw==
  dependencies:
    tslib "^2.6.2"

"@aws-sdk/util-user-agent-browser@3.734.0":
  version "3.734.0"
  resolved "https://registry.npmjs.org/@aws-sdk/util-user-agent-browser/-/util-user-agent-browser-3.734.0.tgz"
  integrity sha512-xQTCus6Q9LwUuALW+S76OL0jcWtMOVu14q+GoLnWPUM7QeUw963oQcLhF7oq0CtaLLKyl4GOUfcwc773Zmwwng==
  dependencies:
    "@aws-sdk/types" "3.734.0"
    "@smithy/types" "^4.1.0"
    bowser "^2.11.0"
    tslib "^2.6.2"

"@aws-sdk/util-user-agent-node@3.758.0":
  version "3.758.0"
  resolved "https://registry.npmjs.org/@aws-sdk/util-user-agent-node/-/util-user-agent-node-3.758.0.tgz"
  integrity sha512-A5EZw85V6WhoKMV2hbuFRvb9NPlxEErb4HPO6/SPXYY4QrjprIzScHxikqcWv1w4J3apB1wto9LPU3IMsYtfrw==
  dependencies:
    "@aws-sdk/middleware-user-agent" "3.758.0"
    "@aws-sdk/types" "3.734.0"
    "@smithy/node-config-provider" "^4.0.1"
    "@smithy/types" "^4.1.0"
    tslib "^2.6.2"

"@pkgr/core@^0.1.0":
  version "0.1.1"
  resolved "https://registry.npmjs.org/@pkgr/core/-/core-0.1.1.tgz"
  integrity sha512-cq8o4cWH0ibXh9VGi5P20Tu9XF/0fFXl9EUinr9QfTM7a7p0oTA4iJRCQWppXR1Pg8dSM0UCItCkPwsk9qWWYA==

"@smithy/abort-controller@^4.0.1":
  version "4.0.1"
  resolved "https://registry.npmjs.org/@smithy/abort-controller/-/abort-controller-4.0.1.tgz"
  integrity sha512-fiUIYgIgRjMWznk6iLJz35K2YxSLHzLBA/RC6lBrKfQ8fHbPfvk7Pk9UvpKoHgJjI18MnbPuEju53zcVy6KF1g==
  dependencies:
    "@smithy/types" "^4.1.0"
    tslib "^2.6.2"

"@smithy/config-resolver@^4.0.1":
  version "4.0.1"
  resolved "https://registry.npmjs.org/@smithy/config-resolver/-/config-resolver-4.0.1.tgz"
  integrity sha512-Igfg8lKu3dRVkTSEm98QpZUvKEOa71jDX4vKRcvJVyRc3UgN3j7vFMf0s7xLQhYmKa8kyJGQgUJDOV5V3neVlQ==
  dependencies:
    "@smithy/node-config-provider" "^4.0.1"
    "@smithy/types" "^4.1.0"
    "@smithy/util-config-provider" "^4.0.0"
    "@smithy/util-middleware" "^4.0.1"
    tslib "^2.6.2"

"@smithy/core@^3.1.5":
  version "3.1.5"
  resolved "https://registry.npmjs.org/@smithy/core/-/core-3.1.5.tgz"
  integrity sha512-HLclGWPkCsekQgsyzxLhCQLa8THWXtB5PxyYN+2O6nkyLt550KQKTlbV2D1/j5dNIQapAZM1+qFnpBFxZQkgCA==
  dependencies:
    "@smithy/middleware-serde" "^4.0.2"
    "@smithy/protocol-http" "^5.0.1"
    "@smithy/types" "^4.1.0"
    "@smithy/util-body-length-browser" "^4.0.0"
    "@smithy/util-middleware" "^4.0.1"
    "@smithy/util-stream" "^4.1.2"
    "@smithy/util-utf8" "^4.0.0"
    tslib "^2.6.2"

"@smithy/credential-provider-imds@^4.0.1":
  version "4.0.1"
  resolved "https://registry.npmjs.org/@smithy/credential-provider-imds/-/credential-provider-imds-4.0.1.tgz"
  integrity sha512-l/qdInaDq1Zpznpmev/+52QomsJNZ3JkTl5yrTl02V6NBgJOQ4LY0SFw/8zsMwj3tLe8vqiIuwF6nxaEwgf6mg==
  dependencies:
    "@smithy/node-config-provider" "^4.0.1"
    "@smithy/property-provider" "^4.0.1"
    "@smithy/types" "^4.1.0"
    "@smithy/url-parser" "^4.0.1"
    tslib "^2.6.2"

"@smithy/fetch-http-handler@^5.0.1":
  version "5.0.1"
  resolved "https://registry.npmjs.org/@smithy/fetch-http-handler/-/fetch-http-handler-5.0.1.tgz"
  integrity sha512-3aS+fP28urrMW2KTjb6z9iFow6jO8n3MFfineGbndvzGZit3taZhKWtTorf+Gp5RpFDDafeHlhfsGlDCXvUnJA==
  dependencies:
    "@smithy/protocol-http" "^5.0.1"
    "@smithy/querystring-builder" "^4.0.1"
    "@smithy/types" "^4.1.0"
    "@smithy/util-base64" "^4.0.0"
    tslib "^2.6.2"

"@smithy/hash-node@^4.0.1":
  version "4.0.1"
  resolved "https://registry.npmjs.org/@smithy/hash-node/-/hash-node-4.0.1.tgz"
  integrity sha512-TJ6oZS+3r2Xu4emVse1YPB3Dq3d8RkZDKcPr71Nj/lJsdAP1c7oFzYqEn1IBc915TsgLl2xIJNuxCz+gLbLE0w==
  dependencies:
    "@smithy/types" "^4.1.0"
    "@smithy/util-buffer-from" "^4.0.0"
    "@smithy/util-utf8" "^4.0.0"
    tslib "^2.6.2"

"@smithy/invalid-dependency@^4.0.1":
  version "4.0.1"
  resolved "https://registry.npmjs.org/@smithy/invalid-dependency/-/invalid-dependency-4.0.1.tgz"
  integrity sha512-gdudFPf4QRQ5pzj7HEnu6FhKRi61BfH/Gk5Yf6O0KiSbr1LlVhgjThcvjdu658VE6Nve8vaIWB8/fodmS1rBPQ==
  dependencies:
    "@smithy/types" "^4.1.0"
    tslib "^2.6.2"

"@smithy/is-array-buffer@^2.2.0":
  version "2.2.0"
  resolved "https://registry.npmjs.org/@smithy/is-array-buffer/-/is-array-buffer-2.2.0.tgz"
  integrity sha512-GGP3O9QFD24uGeAXYUjwSTXARoqpZykHadOmA8G5vfJPK0/DC67qa//0qvqrJzL1xc8WQWX7/yc7fwudjPHPhA==
  dependencies:
    tslib "^2.6.2"

"@smithy/is-array-buffer@^4.0.0":
  version "4.0.0"
  resolved "https://registry.npmjs.org/@smithy/is-array-buffer/-/is-array-buffer-4.0.0.tgz"
  integrity sha512-saYhF8ZZNoJDTvJBEWgeBccCg+yvp1CX+ed12yORU3NilJScfc6gfch2oVb4QgxZrGUx3/ZJlb+c/dJbyupxlw==
  dependencies:
    tslib "^2.6.2"

"@smithy/middleware-content-length@^4.0.1":
  version "4.0.1"
  resolved "https://registry.npmjs.org/@smithy/middleware-content-length/-/middleware-content-length-4.0.1.tgz"
  integrity sha512-OGXo7w5EkB5pPiac7KNzVtfCW2vKBTZNuCctn++TTSOMpe6RZO/n6WEC1AxJINn3+vWLKW49uad3lo/u0WJ9oQ==
  dependencies:
    "@smithy/protocol-http" "^5.0.1"
    "@smithy/types" "^4.1.0"
    tslib "^2.6.2"

"@smithy/middleware-endpoint@^4.0.6":
  version "4.0.6"
  resolved "https://registry.npmjs.org/@smithy/middleware-endpoint/-/middleware-endpoint-4.0.6.tgz"
  integrity sha512-ftpmkTHIFqgaFugcjzLZv3kzPEFsBFSnq1JsIkr2mwFzCraZVhQk2gqN51OOeRxqhbPTkRFj39Qd2V91E/mQxg==
  dependencies:
    "@smithy/core" "^3.1.5"
    "@smithy/middleware-serde" "^4.0.2"
    "@smithy/node-config-provider" "^4.0.1"
    "@smithy/shared-ini-file-loader" "^4.0.1"
    "@smithy/types" "^4.1.0"
    "@smithy/url-parser" "^4.0.1"
    "@smithy/util-middleware" "^4.0.1"
    tslib "^2.6.2"

"@smithy/middleware-retry@^4.0.7":
  version "4.0.7"
  resolved "https://registry.npmjs.org/@smithy/middleware-retry/-/middleware-retry-4.0.7.tgz"
  integrity sha512-58j9XbUPLkqAcV1kHzVX/kAR16GT+j7DUZJqwzsxh1jtz7G82caZiGyyFgUvogVfNTg3TeAOIJepGc8TXF4AVQ==
  dependencies:
    "@smithy/node-config-provider" "^4.0.1"
    "@smithy/protocol-http" "^5.0.1"
    "@smithy/service-error-classification" "^4.0.1"
    "@smithy/smithy-client" "^4.1.6"
    "@smithy/types" "^4.1.0"
    "@smithy/util-middleware" "^4.0.1"
    "@smithy/util-retry" "^4.0.1"
    tslib "^2.6.2"
    uuid "^9.0.1"

"@smithy/middleware-serde@^4.0.2":
  version "4.0.2"
  resolved "https://registry.npmjs.org/@smithy/middleware-serde/-/middleware-serde-4.0.2.tgz"
  integrity sha512-Sdr5lOagCn5tt+zKsaW+U2/iwr6bI9p08wOkCp6/eL6iMbgdtc2R5Ety66rf87PeohR0ExI84Txz9GYv5ou3iQ==
  dependencies:
    "@smithy/types" "^4.1.0"
    tslib "^2.6.2"

"@smithy/middleware-stack@^4.0.1":
  version "4.0.1"
  resolved "https://registry.npmjs.org/@smithy/middleware-stack/-/middleware-stack-4.0.1.tgz"
  integrity sha512-dHwDmrtR/ln8UTHpaIavRSzeIk5+YZTBtLnKwDW3G2t6nAupCiQUvNzNoHBpik63fwUaJPtlnMzXbQrNFWssIA==
  dependencies:
    "@smithy/types" "^4.1.0"
    tslib "^2.6.2"

"@smithy/node-config-provider@^4.0.1":
  version "4.0.1"
  resolved "https://registry.npmjs.org/@smithy/node-config-provider/-/node-config-provider-4.0.1.tgz"
  integrity sha512-8mRTjvCtVET8+rxvmzRNRR0hH2JjV0DFOmwXPrISmTIJEfnCBugpYYGAsCj8t41qd+RB5gbheSQ/6aKZCQvFLQ==
  dependencies:
    "@smithy/property-provider" "^4.0.1"
    "@smithy/shared-ini-file-loader" "^4.0.1"
    "@smithy/types" "^4.1.0"
    tslib "^2.6.2"

"@smithy/node-http-handler@^4.0.3":
  version "4.0.3"
  resolved "https://registry.npmjs.org/@smithy/node-http-handler/-/node-http-handler-4.0.3.tgz"
  integrity sha512-dYCLeINNbYdvmMLtW0VdhW1biXt+PPCGazzT5ZjKw46mOtdgToQEwjqZSS9/EN8+tNs/RO0cEWG044+YZs97aA==
  dependencies:
    "@smithy/abort-controller" "^4.0.1"
    "@smithy/protocol-http" "^5.0.1"
    "@smithy/querystring-builder" "^4.0.1"
    "@smithy/types" "^4.1.0"
    tslib "^2.6.2"

"@smithy/property-provider@^4.0.1":
  version "4.0.1"
  resolved "https://registry.npmjs.org/@smithy/property-provider/-/property-provider-4.0.1.tgz"
  integrity sha512-o+VRiwC2cgmk/WFV0jaETGOtX16VNPp2bSQEzu0whbReqE1BMqsP2ami2Vi3cbGVdKu1kq9gQkDAGKbt0WOHAQ==
  dependencies:
    "@smithy/types" "^4.1.0"
    tslib "^2.6.2"

"@smithy/protocol-http@^5.0.1":
  version "5.0.1"
  resolved "https://registry.npmjs.org/@smithy/protocol-http/-/protocol-http-5.0.1.tgz"
  integrity sha512-TE4cpj49jJNB/oHyh/cRVEgNZaoPaxd4vteJNB0yGidOCVR0jCw/hjPVsT8Q8FRmj8Bd3bFZt8Dh7xGCT+xMBQ==
  dependencies:
    "@smithy/types" "^4.1.0"
    tslib "^2.6.2"

"@smithy/querystring-builder@^4.0.1":
  version "4.0.1"
  resolved "https://registry.npmjs.org/@smithy/querystring-builder/-/querystring-builder-4.0.1.tgz"
  integrity sha512-wU87iWZoCbcqrwszsOewEIuq+SU2mSoBE2CcsLwE0I19m0B2gOJr1MVjxWcDQYOzHbR1xCk7AcOBbGFUYOKvdg==
  dependencies:
    "@smithy/types" "^4.1.0"
    "@smithy/util-uri-escape" "^4.0.0"
    tslib "^2.6.2"

"@smithy/querystring-parser@^4.0.1":
  version "4.0.1"
  resolved "https://registry.npmjs.org/@smithy/querystring-parser/-/querystring-parser-4.0.1.tgz"
  integrity sha512-Ma2XC7VS9aV77+clSFylVUnPZRindhB7BbmYiNOdr+CHt/kZNJoPP0cd3QxCnCFyPXC4eybmyE98phEHkqZ5Jw==
  dependencies:
    "@smithy/types" "^4.1.0"
    tslib "^2.6.2"

"@smithy/service-error-classification@^4.0.1":
  version "4.0.1"
  resolved "https://registry.npmjs.org/@smithy/service-error-classification/-/service-error-classification-4.0.1.tgz"
  integrity sha512-3JNjBfOWpj/mYfjXJHB4Txc/7E4LVq32bwzE7m28GN79+M1f76XHflUaSUkhOriprPDzev9cX/M+dEB80DNDKA==
  dependencies:
    "@smithy/types" "^4.1.0"

"@smithy/shared-ini-file-loader@^4.0.1":
  version "4.0.1"
  resolved "https://registry.npmjs.org/@smithy/shared-ini-file-loader/-/shared-ini-file-loader-4.0.1.tgz"
  integrity sha512-hC8F6qTBbuHRI/uqDgqqi6J0R4GtEZcgrZPhFQnMhfJs3MnUTGSnR1NSJCJs5VWlMydu0kJz15M640fJlRsIOw==
  dependencies:
    "@smithy/types" "^4.1.0"
    tslib "^2.6.2"

"@smithy/signature-v4@^5.0.1":
  version "5.0.1"
  resolved "https://registry.npmjs.org/@smithy/signature-v4/-/signature-v4-5.0.1.tgz"
  integrity sha512-nCe6fQ+ppm1bQuw5iKoeJ0MJfz2os7Ic3GBjOkLOPtavbD1ONoyE3ygjBfz2ythFWm4YnRm6OxW+8p/m9uCoIA==
  dependencies:
    "@smithy/is-array-buffer" "^4.0.0"
    "@smithy/protocol-http" "^5.0.1"
    "@smithy/types" "^4.1.0"
    "@smithy/util-hex-encoding" "^4.0.0"
    "@smithy/util-middleware" "^4.0.1"
    "@smithy/util-uri-escape" "^4.0.0"
    "@smithy/util-utf8" "^4.0.0"
    tslib "^2.6.2"

"@smithy/smithy-client@^4.1.6":
  version "4.1.6"
  resolved "https://registry.npmjs.org/@smithy/smithy-client/-/smithy-client-4.1.6.tgz"
  integrity sha512-UYDolNg6h2O0L+cJjtgSyKKvEKCOa/8FHYJnBobyeoeWDmNpXjwOAtw16ezyeu1ETuuLEOZbrynK0ZY1Lx9Jbw==
  dependencies:
    "@smithy/core" "^3.1.5"
    "@smithy/middleware-endpoint" "^4.0.6"
    "@smithy/middleware-stack" "^4.0.1"
    "@smithy/protocol-http" "^5.0.1"
    "@smithy/types" "^4.1.0"
    "@smithy/util-stream" "^4.1.2"
    tslib "^2.6.2"

"@smithy/types@^4.1.0":
  version "4.1.0"
  resolved "https://registry.npmjs.org/@smithy/types/-/types-4.1.0.tgz"
  integrity sha512-enhjdwp4D7CXmwLtD6zbcDMbo6/T6WtuuKCY49Xxc6OMOmUWlBEBDREsxxgV2LIdeQPW756+f97GzcgAwp3iLw==
  dependencies:
    tslib "^2.6.2"

"@smithy/url-parser@^4.0.1":
  version "4.0.1"
  resolved "https://registry.npmjs.org/@smithy/url-parser/-/url-parser-4.0.1.tgz"
  integrity sha512-gPXcIEUtw7VlK8f/QcruNXm7q+T5hhvGu9tl63LsJPZ27exB6dtNwvh2HIi0v7JcXJ5emBxB+CJxwaLEdJfA+g==
  dependencies:
    "@smithy/querystring-parser" "^4.0.1"
    "@smithy/types" "^4.1.0"
    tslib "^2.6.2"

"@smithy/util-base64@^4.0.0":
  version "4.0.0"
  resolved "https://registry.npmjs.org/@smithy/util-base64/-/util-base64-4.0.0.tgz"
  integrity sha512-CvHfCmO2mchox9kjrtzoHkWHxjHZzaFojLc8quxXY7WAAMAg43nuxwv95tATVgQFNDwd4M9S1qFzj40Ul41Kmg==
  dependencies:
    "@smithy/util-buffer-from" "^4.0.0"
    "@smithy/util-utf8" "^4.0.0"
    tslib "^2.6.2"

"@smithy/util-body-length-browser@^4.0.0":
  version "4.0.0"
  resolved "https://registry.npmjs.org/@smithy/util-body-length-browser/-/util-body-length-browser-4.0.0.tgz"
  integrity sha512-sNi3DL0/k64/LO3A256M+m3CDdG6V7WKWHdAiBBMUN8S3hK3aMPhwnPik2A/a2ONN+9doY9UxaLfgqsIRg69QA==
  dependencies:
    tslib "^2.6.2"

"@smithy/util-body-length-node@^4.0.0":
  version "4.0.0"
  resolved "https://registry.npmjs.org/@smithy/util-body-length-node/-/util-body-length-node-4.0.0.tgz"
  integrity sha512-q0iDP3VsZzqJyje8xJWEJCNIu3lktUGVoSy1KB0UWym2CL1siV3artm+u1DFYTLejpsrdGyCSWBdGNjJzfDPjg==
  dependencies:
    tslib "^2.6.2"

"@smithy/util-buffer-from@^2.2.0":
  version "2.2.0"
  resolved "https://registry.npmjs.org/@smithy/util-buffer-from/-/util-buffer-from-2.2.0.tgz"
  integrity sha512-IJdWBbTcMQ6DA0gdNhh/BwrLkDR+ADW5Kr1aZmd4k3DIF6ezMV4R2NIAmT08wQJ3yUK82thHWmC/TnK/wpMMIA==
  dependencies:
    "@smithy/is-array-buffer" "^2.2.0"
    tslib "^2.6.2"

"@smithy/util-buffer-from@^4.0.0":
  version "4.0.0"
  resolved "https://registry.npmjs.org/@smithy/util-buffer-from/-/util-buffer-from-4.0.0.tgz"
  integrity sha512-9TOQ7781sZvddgO8nxueKi3+yGvkY35kotA0Y6BWRajAv8jjmigQ1sBwz0UX47pQMYXJPahSKEKYFgt+rXdcug==
  dependencies:
    "@smithy/is-array-buffer" "^4.0.0"
    tslib "^2.6.2"

"@smithy/util-config-provider@^4.0.0":
  version "4.0.0"
  resolved "https://registry.npmjs.org/@smithy/util-config-provider/-/util-config-provider-4.0.0.tgz"
  integrity sha512-L1RBVzLyfE8OXH+1hsJ8p+acNUSirQnWQ6/EgpchV88G6zGBTDPdXiiExei6Z1wR2RxYvxY/XLw6AMNCCt8H3w==
  dependencies:
    tslib "^2.6.2"

"@smithy/util-defaults-mode-browser@^4.0.7":
  version "4.0.7"
  resolved "https://registry.npmjs.org/@smithy/util-defaults-mode-browser/-/util-defaults-mode-browser-4.0.7.tgz"
  integrity sha512-CZgDDrYHLv0RUElOsmZtAnp1pIjwDVCSuZWOPhIOBvG36RDfX1Q9+6lS61xBf+qqvHoqRjHxgINeQz47cYFC2Q==
  dependencies:
    "@smithy/property-provider" "^4.0.1"
    "@smithy/smithy-client" "^4.1.6"
    "@smithy/types" "^4.1.0"
    bowser "^2.11.0"
    tslib "^2.6.2"

"@smithy/util-defaults-mode-node@^4.0.7":
  version "4.0.7"
  resolved "https://registry.npmjs.org/@smithy/util-defaults-mode-node/-/util-defaults-mode-node-4.0.7.tgz"
  integrity sha512-79fQW3hnfCdrfIi1soPbK3zmooRFnLpSx3Vxi6nUlqaaQeC5dm8plt4OTNDNqEEEDkvKghZSaoti684dQFVrGQ==
  dependencies:
    "@smithy/config-resolver" "^4.0.1"
    "@smithy/credential-provider-imds" "^4.0.1"
    "@smithy/node-config-provider" "^4.0.1"
    "@smithy/property-provider" "^4.0.1"
    "@smithy/smithy-client" "^4.1.6"
    "@smithy/types" "^4.1.0"
    tslib "^2.6.2"

"@smithy/util-endpoints@^3.0.1":
  version "3.0.1"
  resolved "https://registry.npmjs.org/@smithy/util-endpoints/-/util-endpoints-3.0.1.tgz"
  integrity sha512-zVdUENQpdtn9jbpD9SCFK4+aSiavRb9BxEtw9ZGUR1TYo6bBHbIoi7VkrFQ0/RwZlzx0wRBaRmPclj8iAoJCLA==
  dependencies:
    "@smithy/node-config-provider" "^4.0.1"
    "@smithy/types" "^4.1.0"
    tslib "^2.6.2"

"@smithy/util-hex-encoding@^4.0.0":
  version "4.0.0"
  resolved "https://registry.npmjs.org/@smithy/util-hex-encoding/-/util-hex-encoding-4.0.0.tgz"
  integrity sha512-Yk5mLhHtfIgW2W2WQZWSg5kuMZCVbvhFmC7rV4IO2QqnZdbEFPmQnCcGMAX2z/8Qj3B9hYYNjZOhWym+RwhePw==
  dependencies:
    tslib "^2.6.2"

"@smithy/util-middleware@^4.0.1":
  version "4.0.1"
  resolved "https://registry.npmjs.org/@smithy/util-middleware/-/util-middleware-4.0.1.tgz"
  integrity sha512-HiLAvlcqhbzhuiOa0Lyct5IIlyIz0PQO5dnMlmQ/ubYM46dPInB+3yQGkfxsk6Q24Y0n3/JmcA1v5iEhmOF5mA==
  dependencies:
    "@smithy/types" "^4.1.0"
    tslib "^2.6.2"

"@smithy/util-retry@^4.0.1":
  version "4.0.1"
  resolved "https://registry.npmjs.org/@smithy/util-retry/-/util-retry-4.0.1.tgz"
  integrity sha512-WmRHqNVwn3kI3rKk1LsKcVgPBG6iLTBGC1iYOV3GQegwJ3E8yjzHytPt26VNzOWr1qu0xE03nK0Ug8S7T7oufw==
  dependencies:
    "@smithy/service-error-classification" "^4.0.1"
    "@smithy/types" "^4.1.0"
    tslib "^2.6.2"

"@smithy/util-stream@^4.1.2":
  version "4.1.2"
  resolved "https://registry.npmjs.org/@smithy/util-stream/-/util-stream-4.1.2.tgz"
  integrity sha512-44PKEqQ303d3rlQuiDpcCcu//hV8sn+u2JBo84dWCE0rvgeiVl0IlLMagbU++o0jCWhYCsHaAt9wZuZqNe05Hw==
  dependencies:
    "@smithy/fetch-http-handler" "^5.0.1"
    "@smithy/node-http-handler" "^4.0.3"
    "@smithy/types" "^4.1.0"
    "@smithy/util-base64" "^4.0.0"
    "@smithy/util-buffer-from" "^4.0.0"
    "@smithy/util-hex-encoding" "^4.0.0"
    "@smithy/util-utf8" "^4.0.0"
    tslib "^2.6.2"

"@smithy/util-uri-escape@^4.0.0":
  version "4.0.0"
  resolved "https://registry.npmjs.org/@smithy/util-uri-escape/-/util-uri-escape-4.0.0.tgz"
  integrity sha512-77yfbCbQMtgtTylO9itEAdpPXSog3ZxMe09AEhm0dU0NLTalV70ghDZFR+Nfi1C60jnJoh/Re4090/DuZh2Omg==
  dependencies:
    tslib "^2.6.2"

"@smithy/util-utf8@^2.0.0":
  version "2.3.0"
  resolved "https://registry.npmjs.org/@smithy/util-utf8/-/util-utf8-2.3.0.tgz"
  integrity sha512-R8Rdn8Hy72KKcebgLiv8jQcQkXoLMOGGv5uI1/k0l+snqkOzQ1R0ChUBCxWMlBsFMekWjq0wRudIweFs7sKT5A==
  dependencies:
    "@smithy/util-buffer-from" "^2.2.0"
    tslib "^2.6.2"

"@smithy/util-utf8@^4.0.0":
  version "4.0.0"
  resolved "https://registry.npmjs.org/@smithy/util-utf8/-/util-utf8-4.0.0.tgz"
  integrity sha512-b+zebfKCfRdgNJDknHCob3O7FpeYQN6ZG6YLExMcasDHsCXlsXCEuiPZeLnJLpwa5dvPetGlnGCiMHuLwGvFow==
  dependencies:
    "@smithy/util-buffer-from" "^4.0.0"
    tslib "^2.6.2"

ansi-escapes@^7.0.0:
  version "7.0.0"
  resolved "https://registry.npmjs.org/ansi-escapes/-/ansi-escapes-7.0.0.tgz"
  integrity sha512-GdYO7a61mR0fOlAsvC9/rIHf7L96sBc6dEWzeOu+KAea5bZyQRPIpojrVoI4AXGJS/ycu/fBTdLrUkA4ODrvjw==
  dependencies:
    environment "^1.0.0"

ansi-regex@^6.0.1:
  version "6.1.0"
  resolved "https://registry.npmjs.org/ansi-regex/-/ansi-regex-6.1.0.tgz"
  integrity sha512-7HSX4QQb4CspciLpVFwyRe79O3xsIZDDLER21kERQ71oaPodF8jL725AgJMFAYbooIqolJoRLuM81SpeUkpkvA==

ansi-styles@^6.0.0, ansi-styles@^6.2.1:
  version "6.2.1"
  resolved "https://registry.npmjs.org/ansi-styles/-/ansi-styles-6.2.1.tgz"
  integrity sha512-bN798gFfQX+viw3R7yrGWRqnrN2oRkEkUjjl4JNn4E8GxxbjtG3FbrEIIY3l8/hrwUwIeCZvi4QuOTP4MErVug==

bowser@^2.11.0:
  version "2.11.0"
  resolved "https://registry.npmjs.org/bowser/-/bowser-2.11.0.tgz"
  integrity sha512-AlcaJBi/pqqJBIQ8U9Mcpc9i8Aqxn88Skv5d+xBX006BY5u8N3mGLHa5Lgppa7L/HfwgwLgZ6NYs+Ag6uUmJRA==

braces@^3.0.3:
  version "3.0.3"
  resolved "https://registry.npmjs.org/braces/-/braces-3.0.3.tgz"
  integrity sha512-yQbXgO/OSZVD2IsiLlro+7Hf6Q18EJrKSEsdoMzKePKXct3gvD8oLcOQdIzGupr5Fj+EDe8gO/lxc1BzfMpxvA==
  dependencies:
    fill-range "^7.1.1"

chalk@^5.4.1:
  version "5.4.1"
  resolved "https://registry.npmjs.org/chalk/-/chalk-5.4.1.tgz"
  integrity sha512-zgVZuo2WcZgfUEmsn6eO3kINexW8RAE4maiQ8QNs8CtpPCSyMiYsULR3HQYkm3w8FIA3SberyMJMSldGsW+U3w==

cli-cursor@^5.0.0:
  version "5.0.0"
  resolved "https://registry.npmjs.org/cli-cursor/-/cli-cursor-5.0.0.tgz"
  integrity sha512-aCj4O5wKyszjMmDT4tZj93kxyydN/K5zPWSCe6/0AV/AA1pqe5ZBIw0a2ZfPQV7lL5/yb5HsUreJ6UFAF1tEQw==
  dependencies:
    restore-cursor "^5.0.0"

cli-truncate@^4.0.0:
  version "4.0.0"
  resolved "https://registry.npmjs.org/cli-truncate/-/cli-truncate-4.0.0.tgz"
  integrity sha512-nPdaFdQ0h/GEigbPClz11D0v/ZJEwxmeVZGeMo3Z5StPtUTkA9o1lD6QwoirYiSDzbcwn2XcjwmCp68W1IS4TA==
  dependencies:
    slice-ansi "^5.0.0"
    string-width "^7.0.0"

colorette@^2.0.20:
  version "2.0.20"
  resolved "https://registry.npmjs.org/colorette/-/colorette-2.0.20.tgz"
  integrity sha512-IfEDxwoWIjkeXL1eXcDiow4UbKjhLdq6/EuSVR9GMN7KVH3r9gQ83e73hsz1Nd1T3ijd5xv1wcWRYO+D6kCI2w==

commander@^13.1.0:
  version "13.1.0"
  resolved "https://registry.npmjs.org/commander/-/commander-13.1.0.tgz"
  integrity sha512-/rFeCpNJQbhSZjGVwO9RFV3xPqbnERS8MmIQzCtD/zl6gpJuV/bMLuN92oG3F7d8oDEHHRrujSXNUr8fpjntKw==

cross-spawn@^7.0.3:
  version "7.0.6"
  resolved "https://registry.npmjs.org/cross-spawn/-/cross-spawn-7.0.6.tgz"
  integrity sha512-uV2QOWP2nWzsy2aMp8aRibhi9dlzF5Hgh5SHaB9OiTGEyDTiJJyx0uy51QXdyWbtAHNua4XJzUKca3OzKUd3vA==
  dependencies:
    path-key "^3.1.0"
    shebang-command "^2.0.0"
    which "^2.0.1"

debug@^4.4.0:
  version "4.4.0"
  resolved "https://registry.npmjs.org/debug/-/debug-4.4.0.tgz"
  integrity sha512-6WTZ/IxCY/T6BALoZHaE4ctp9xm+Z5kY/pzYaCHRFeyVhojxlrm+46y68HA6hr0TcwEssoxNiDEUJQjfPZ/RYA==
  dependencies:
    ms "^2.1.3"

detect-indent@^7.0.1:
  version "7.0.1"
  resolved "https://registry.npmjs.org/detect-indent/-/detect-indent-7.0.1.tgz"
  integrity sha512-Mc7QhQ8s+cLrnUfU/Ji94vG/r8M26m8f++vyres4ZoojaRDpZ1eSIh/EpzLNwlWuvzSZ3UbDFspjFvTDXe6e/g==

detect-newline@^4.0.0:
  version "4.0.1"
  resolved "https://registry.npmjs.org/detect-newline/-/detect-newline-4.0.1.tgz"
  integrity sha512-qE3Veg1YXzGHQhlA6jzebZN2qVf6NX+A7m7qlhCGG30dJixrAQhYOsJjsnBjJkCSmuOPpCk30145fr8FV0bzog==

emoji-regex@^10.3.0:
  version "10.4.0"
  resolved "https://registry.npmjs.org/emoji-regex/-/emoji-regex-10.4.0.tgz"
  integrity sha512-EC+0oUMY1Rqm4O6LLrgjtYDvcVYTy7chDnM4Q7030tP4Kwj3u/pR6gP9ygnp2CJMK5Gq+9Q2oqmrFJAz01DXjw==

environment@^1.0.0:
  version "1.1.0"
  resolved "https://registry.npmjs.org/environment/-/environment-1.1.0.tgz"
  integrity sha512-xUtoPkMggbz0MPyPiIWr1Kp4aeWJjDZ6SMvURhimjdZgsRuDplF5/s9hcgGhyXMhs+6vpnuoiZ2kFiu3FMnS8Q==

eventemitter3@^5.0.1:
  version "5.0.1"
  resolved "https://registry.npmjs.org/eventemitter3/-/eventemitter3-5.0.1.tgz"
  integrity sha512-GWkBvjiSZK87ELrYOSESUYeVIc9mvLLf/nXalMOS5dYrgZq9o5OVkbZAVM06CVxYsCwH9BDZFPlQTlPA1j4ahA==

execa@^8.0.1:
  version "8.0.1"
  resolved "https://registry.npmjs.org/execa/-/execa-8.0.1.tgz"
  integrity sha512-VyhnebXciFV2DESc+p6B+y0LjSm0krU4OgJN44qFAhBY0TJ+1V61tYD2+wHusZ6F9n5K+vl8k0sTy7PEfV4qpg==
  dependencies:
    cross-spawn "^7.0.3"
    get-stream "^8.0.1"
    human-signals "^5.0.0"
    is-stream "^3.0.0"
    merge-stream "^2.0.0"
    npm-run-path "^5.1.0"
    onetime "^6.0.0"
    signal-exit "^4.1.0"
    strip-final-newline "^3.0.0"

fast-xml-parser@4.4.1:
  version "4.4.1"
  resolved "https://registry.npmjs.org/fast-xml-parser/-/fast-xml-parser-4.4.1.tgz"
  integrity sha512-xkjOecfnKGkSsOwtZ5Pz7Us/T6mrbPQrq0nh+aCO5V9nk5NLWmasAHumTKjiPJPWANe+kAZ84Jc8ooJkzZ88Sw==
  dependencies:
    strnum "^1.0.5"

fdir@^6.4.3:
  version "6.4.3"
  resolved "https://registry.npmjs.org/fdir/-/fdir-6.4.3.tgz"
  integrity sha512-PMXmW2y1hDDfTSRc9gaXIuCCRpuoz3Kaz8cUelp3smouvfT632ozg2vrT6lJsHKKOF59YLbOGfAWGUcKEfRMQw==

fill-range@^7.1.1:
  version "7.1.1"
  resolved "https://registry.npmjs.org/fill-range/-/fill-range-7.1.1.tgz"
  integrity sha512-YsGpe3WHLK8ZYi4tWDg2Jy3ebRz2rXowDxnld4bkQB00cc/1Zw9AWnC0i9ztDJitivtQvaI9KaLyKrc+hBW0yg==
  dependencies:
    to-regex-range "^5.0.1"

get-east-asian-width@^1.0.0:
  version "1.3.0"
  resolved "https://registry.npmjs.org/get-east-asian-width/-/get-east-asian-width-1.3.0.tgz"
  integrity sha512-vpeMIQKxczTD/0s2CdEWHcb0eeJe6TFjxb+J5xgX7hScxqrGuyjmv4c1D4A/gelKfyox0gJJwIHF+fLjeaM8kQ==

get-stdin@^9.0.0:
  version "9.0.0"
  resolved "https://registry.npmjs.org/get-stdin/-/get-stdin-9.0.0.tgz"
  integrity sha512-dVKBjfWisLAicarI2Sf+JuBE/DghV4UzNAVe9yhEJuzeREd3JhOTE9cUaJTeSa77fsbQUK3pcOpJfM59+VKZaA==

get-stream@^8.0.1:
  version "8.0.1"
  resolved "https://registry.npmjs.org/get-stream/-/get-stream-8.0.1.tgz"
  integrity sha512-VaUJspBffn/LMCJVoMvSAdmscJyS1auj5Zulnn5UoYcY531UWmdwhRWkcGKnGU93m5HSXP9LP2usOryrBtQowA==

git-hooks-list@^3.0.0:
  version "3.2.0"
  resolved "https://registry.npmjs.org/git-hooks-list/-/git-hooks-list-3.2.0.tgz"
  integrity sha512-ZHG9a1gEhUMX1TvGrLdyWb9kDopCBbTnI8z4JgRMYxsijWipgjSEYoPWqBuIB0DnRnvqlQSEeVmzpeuPm7NdFQ==

human-signals@^5.0.0:
  version "5.0.0"
  resolved "https://registry.npmjs.org/human-signals/-/human-signals-5.0.0.tgz"
  integrity sha512-AXcZb6vzzrFAUE61HnN4mpLqd/cSIwNQjtNWR0euPm6y0iqx3G4gOXaIDdtdDwZmhwe82LA6+zinmW4UBWVePQ==

husky@^9.1.7:
  version "9.1.7"
  resolved "https://registry.npmjs.org/husky/-/husky-9.1.7.tgz"
  integrity sha512-5gs5ytaNjBrh5Ow3zrvdUUY+0VxIuWVL4i9irt6friV+BqdCfmV11CQTWMiBYWHbXhco+J1kHfTOUkePhCDvMA==

ini@^5.0.0:
  version "5.0.0"
  resolved "https://registry.npmjs.org/ini/-/ini-5.0.0.tgz"
  integrity sha512-+N0ngpO3e7cRUWOJAS7qw0IZIVc6XPrW4MlFBdD066F2L4k1L6ker3hLqSq7iXxU5tgS4WGkIUElWn5vogAEnw==

is-fullwidth-code-point@^4.0.0:
  version "4.0.0"
  resolved "https://registry.npmjs.org/is-fullwidth-code-point/-/is-fullwidth-code-point-4.0.0.tgz"
  integrity sha512-O4L094N2/dZ7xqVdrXhh9r1KODPJpFms8B5sGdJLPy664AgvXsreZUyCQQNItZRDlYug4xStLjNp/sz3HvBowQ==

is-fullwidth-code-point@^5.0.0:
  version "5.0.0"
  resolved "https://registry.npmjs.org/is-fullwidth-code-point/-/is-fullwidth-code-point-5.0.0.tgz"
  integrity sha512-OVa3u9kkBbw7b8Xw5F9P+D/T9X+Z4+JruYVNapTjPYZYUznQ5YfWeFkOj606XYYW8yugTfC8Pj0hYqvi4ryAhA==
  dependencies:
    get-east-asian-width "^1.0.0"

is-number@^7.0.0:
  version "7.0.0"
  resolved "https://registry.npmjs.org/is-number/-/is-number-7.0.0.tgz"
  integrity sha512-41Cifkg6e8TylSpdtTpeLVMqvSBEVzTttHvERD741+pnZ8ANv0004MRL43QKPDlK9cGvNp6NZWZUBlbGXYxxng==

is-plain-obj@^4.1.0:
  version "4.1.0"
  resolved "https://registry.npmjs.org/is-plain-obj/-/is-plain-obj-4.1.0.tgz"
  integrity sha512-+Pgi+vMuUNkJyExiMBt5IlFoMyKnr5zhJ4Uspz58WOhBF5QoIZkFyNHIbBAtHwzVAgk5RtndVNsDRN61/mmDqg==

is-stream@^3.0.0:
  version "3.0.0"
  resolved "https://registry.npmjs.org/is-stream/-/is-stream-3.0.0.tgz"
  integrity sha512-LnQR4bZ9IADDRSkvpqMGvt/tEJWclzklNgSw48V5EAaAeDd6qGvN8ei6k5p0tvxSR171VmGyHuTiAOfxAbr8kA==

isexe@^2.0.0:
  version "2.0.0"
  resolved "https://registry.npmjs.org/isexe/-/isexe-2.0.0.tgz"
  integrity sha512-RHxMLp9lnKHGHRng9QFhRCMbYAcVpn69smSGcq3f36xjgVVWThj4qqLbTLlq7Ssj8B+fIQ1EuCEGI2lKsyQeIw==

lilconfig@^3.1.3:
  version "3.1.3"
  resolved "https://registry.npmjs.org/lilconfig/-/lilconfig-3.1.3.tgz"
  integrity sha512-/vlFKAoH5Cgt3Ie+JLhRbwOsCQePABiU3tJ1egGvyQ+33R/vcwM2Zl2QR/LzjsBeItPt3oSVXapn+m4nQDvpzw==

lint-staged@^15.4.3:
  version "15.4.3"
  resolved "https://registry.npmjs.org/lint-staged/-/lint-staged-15.4.3.tgz"
  integrity sha512-FoH1vOeouNh1pw+90S+cnuoFwRfUD9ijY2GKy5h7HS3OR7JVir2N2xrsa0+Twc1B7cW72L+88geG5cW4wIhn7g==
  dependencies:
    chalk "^5.4.1"
    commander "^13.1.0"
    debug "^4.4.0"
    execa "^8.0.1"
    lilconfig "^3.1.3"
    listr2 "^8.2.5"
    micromatch "^4.0.8"
    pidtree "^0.6.0"
    string-argv "^0.3.2"
    yaml "^2.7.0"

listr2@^8.2.5:
  version "8.2.5"
  resolved "https://registry.npmjs.org/listr2/-/listr2-8.2.5.tgz"
  integrity sha512-iyAZCeyD+c1gPyE9qpFu8af0Y+MRtmKOncdGoA2S5EY8iFq99dmmvkNnHiWo+pj0s7yH7l3KPIgee77tKpXPWQ==
  dependencies:
    cli-truncate "^4.0.0"
    colorette "^2.0.20"
    eventemitter3 "^5.0.1"
    log-update "^6.1.0"
    rfdc "^1.4.1"
    wrap-ansi "^9.0.0"

log-update@^6.1.0:
  version "6.1.0"
  resolved "https://registry.npmjs.org/log-update/-/log-update-6.1.0.tgz"
  integrity sha512-9ie8ItPR6tjY5uYJh8K/Zrv/RMZ5VOlOWvtZdEHYSTFKZfIBPQa9tOAEeAWhd+AnIneLJ22w5fjOYtoutpWq5w==
  dependencies:
    ansi-escapes "^7.0.0"
    cli-cursor "^5.0.0"
    slice-ansi "^7.1.0"
    strip-ansi "^7.1.0"
    wrap-ansi "^9.0.0"

merge-stream@^2.0.0:
  version "2.0.0"
  resolved "https://registry.npmjs.org/merge-stream/-/merge-stream-2.0.0.tgz"
  integrity sha512-abv/qOcuPfk3URPfDzmZU1LKmuw8kT+0nIHvKrKgFrwifol/doWcdA4ZqsWQ8ENrFKkd67Mfpo/LovbIUsbt3w==

micromatch@^4.0.8:
  version "4.0.8"
  resolved "https://registry.npmjs.org/micromatch/-/micromatch-4.0.8.tgz"
  integrity sha512-PXwfBhYu0hBCPw8Dn0E+WDYb7af3dSLVWKi3HGv84IdF4TyFoC0ysxFd0Goxw7nSv4T/PzEJQxsYsEiFCKo2BA==
  dependencies:
    braces "^3.0.3"
    picomatch "^2.3.1"

mimic-fn@^4.0.0:
  version "4.0.0"
  resolved "https://registry.npmjs.org/mimic-fn/-/mimic-fn-4.0.0.tgz"
  integrity sha512-vqiC06CuhBTUdZH+RYl8sFrL096vA45Ok5ISO6sE/Mr1jRbGH4Csnhi8f3wKVl7x8mO4Au7Ir9D3Oyv1VYMFJw==

mimic-function@^5.0.0:
  version "5.0.1"
  resolved "https://registry.npmjs.org/mimic-function/-/mimic-function-5.0.1.tgz"
  integrity sha512-VP79XUPxV2CigYP3jWwAUFSku2aKqBH7uTAapFWCBqutsbmDo96KY5o8uh6U+/YSIn5OxJnXp73beVkpqMIGhA==

ms@^2.1.3:
  version "2.1.3"
  resolved "https://registry.npmjs.org/ms/-/ms-2.1.3.tgz"
  integrity sha512-6FlzubTLZG3J2a/NVCAleEhjzq5oxgHyaCU9yYXvcLsvoVaHJq/s5xXI6/XXP6tz7R9xAOtHnSO/tXtF3WRTlA==

npm-run-path@^5.1.0:
  version "5.3.0"
  resolved "https://registry.npmjs.org/npm-run-path/-/npm-run-path-5.3.0.tgz"
  integrity sha512-ppwTtiJZq0O/ai0z7yfudtBpWIoxM8yE6nHi1X47eFR2EWORqfbu6CnPlNsjeN683eT0qG6H/Pyf9fCcvjnnnQ==
  dependencies:
    path-key "^4.0.0"

onetime@^6.0.0:
  version "6.0.0"
  resolved "https://registry.npmjs.org/onetime/-/onetime-6.0.0.tgz"
  integrity sha512-1FlR+gjXK7X+AsAHso35MnyN5KqGwJRi/31ft6x0M194ht7S+rWAvd7PHss9xSKMzE0asv1pyIHaJYq+BbacAQ==
  dependencies:
    mimic-fn "^4.0.0"

onetime@^7.0.0:
  version "7.0.0"
  resolved "https://registry.npmjs.org/onetime/-/onetime-7.0.0.tgz"
  integrity sha512-VXJjc87FScF88uafS3JllDgvAm+c/Slfz06lorj2uAY34rlUu0Nt+v8wreiImcrgAjjIHp1rXpTDlLOGw29WwQ==
  dependencies:
    mimic-function "^5.0.0"

path-key@^3.1.0:
  version "3.1.1"
  resolved "https://registry.npmjs.org/path-key/-/path-key-3.1.1.tgz"
  integrity sha512-ojmeN0qd+y0jszEtoY48r0Peq5dwMEkIlCOu6Q5f41lfkswXuKtYrhgoTpLnyIcHm24Uhqx+5Tqm2InSwLhE6Q==

path-key@^4.0.0:
  version "4.0.0"
  resolved "https://registry.npmjs.org/path-key/-/path-key-4.0.0.tgz"
  integrity sha512-haREypq7xkM7ErfgIyA0z+Bj4AGKlMSdlQE2jvJo6huWD1EdkKYV+G/T4nq0YEF2vgTT8kqMFKo1uHn950r4SQ==

picomatch@^2.3.1:
  version "2.3.1"
  resolved "https://registry.npmjs.org/picomatch/-/picomatch-2.3.1.tgz"
  integrity sha512-JU3teHTNjmE2VCGFzuY8EXzCDVwEqB2a8fsIvwaStHhAWJEeVd1o1QD80CU6+ZdEXXSLbSsuLwJjkCBWqRQUVA==

"picomatch@^3 || ^4", picomatch@^4.0.2:
  version "4.0.2"
  resolved "https://registry.npmjs.org/picomatch/-/picomatch-4.0.2.tgz"
  integrity sha512-M7BAV6Rlcy5u+m6oPhAPFgJTzAioX/6B0DxyvDlo9l8+T3nLKbrczg2WLUyzd45L8RqfUMyGPzekbMvX2Ldkwg==

pidtree@^0.6.0:
  version "0.6.0"
  resolved "https://registry.npmjs.org/pidtree/-/pidtree-0.6.0.tgz"
  integrity sha512-eG2dWTVw5bzqGRztnHExczNxt5VGsE6OwTeCG3fdUf9KBsZzO3R5OIIIzWR+iZA0NtZ+RDVdaoE2dK1cn6jH4g==

prettier-plugin-packagejson@^2.5.10:
  version "2.5.10"
  resolved "https://registry.npmjs.org/prettier-plugin-packagejson/-/prettier-plugin-packagejson-2.5.10.tgz"
  integrity sha512-LUxATI5YsImIVSaaLJlJ3aE6wTD+nvots18U3GuQMJpUyClChaZlQrqx3dBnbhF20OnKWZyx8EgyZypQtBDtgQ==
  dependencies:
    sort-package-json "2.15.1"
    synckit "0.9.2"

prettier@^3.5.3, "prettier@>= 1.16.0":
  version "3.5.3"
  resolved "https://registry.npmjs.org/prettier/-/prettier-3.5.3.tgz"
  integrity sha512-QQtaxnoDJeAkDvDKWCLiwIXkTgRhwYDEQCghU9Z6q03iyek/rxRh/2lC3HB7P8sWT2xC/y5JDctPLBIGzHKbhw==

restore-cursor@^5.0.0:
  version "5.1.0"
  resolved "https://registry.npmjs.org/restore-cursor/-/restore-cursor-5.1.0.tgz"
  integrity sha512-oMA2dcrw6u0YfxJQXm342bFKX/E4sG9rbTzO9ptUcR/e8A33cHuvStiYOwH7fszkZlZ1z/ta9AAoPk2F4qIOHA==
  dependencies:
    onetime "^7.0.0"
    signal-exit "^4.1.0"

rfdc@^1.4.1:
  version "1.4.1"
  resolved "https://registry.npmjs.org/rfdc/-/rfdc-1.4.1.tgz"
  integrity sha512-q1b3N5QkRUWUl7iyylaaj3kOpIT0N2i9MqIEQXP73GVsN9cw3fdx8X63cEmWhJGi2PPCF23Ijp7ktmd39rawIA==

semver@^7.6.0:
  version "7.7.1"
  resolved "https://registry.npmjs.org/semver/-/semver-7.7.1.tgz"
  integrity sha512-hlq8tAfn0m/61p4BVRcPzIGr6LKiMwo4VM6dGi6pt4qcRkmNzTcWq6eCEjEh+qXjkMDvPlOFFSGwQjoEa6gyMA==

shebang-command@^2.0.0:
  version "2.0.0"
  resolved "https://registry.npmjs.org/shebang-command/-/shebang-command-2.0.0.tgz"
  integrity sha512-kHxr2zZpYtdmrN1qDjrrX/Z1rR1kG8Dx+gkpK1G4eXmvXswmcE1hTWBWYUzlraYw1/yZp6YuDY77YtvbN0dmDA==
  dependencies:
    shebang-regex "^3.0.0"

shebang-regex@^3.0.0:
  version "3.0.0"
  resolved "https://registry.npmjs.org/shebang-regex/-/shebang-regex-3.0.0.tgz"
  integrity sha512-7++dFhtcx3353uBaq8DDR4NuxBetBzC7ZQOhmTQInHEd6bSrXdiEyzCvG07Z44UYdLShWUyXt5M/yhz8ekcb1A==

signal-exit@^4.1.0:
  version "4.1.0"
  resolved "https://registry.npmjs.org/signal-exit/-/signal-exit-4.1.0.tgz"
  integrity sha512-bzyZ1e88w9O1iNJbKnOlvYTrWPDl46O1bG0D3XInv+9tkPrxrN8jUUTiFlDkkmKWgn1M6CfIA13SuGqOa9Korw==

slice-ansi@^5.0.0:
  version "5.0.0"
  resolved "https://registry.npmjs.org/slice-ansi/-/slice-ansi-5.0.0.tgz"
  integrity sha512-FC+lgizVPfie0kkhqUScwRu1O/lF6NOgJmlCgK+/LYxDCTk8sGelYaHDhFcDN+Sn3Cv+3VSa4Byeo+IMCzpMgQ==
  dependencies:
    ansi-styles "^6.0.0"
    is-fullwidth-code-point "^4.0.0"

slice-ansi@^7.1.0:
  version "7.1.0"
  resolved "https://registry.npmjs.org/slice-ansi/-/slice-ansi-7.1.0.tgz"
  integrity sha512-bSiSngZ/jWeX93BqeIAbImyTbEihizcwNjFoRUIY/T1wWQsfsm2Vw1agPKylXvQTU7iASGdHhyqRlqQzfz+Htg==
  dependencies:
    ansi-styles "^6.2.1"
    is-fullwidth-code-point "^5.0.0"

sort-object-keys@^1.1.3:
  version "1.1.3"
  resolved "https://registry.npmjs.org/sort-object-keys/-/sort-object-keys-1.1.3.tgz"
  integrity sha512-855pvK+VkU7PaKYPc+Jjnmt4EzejQHyhhF33q31qG8x7maDzkeFhAAThdCYay11CISO+qAMwjOBP+fPZe0IPyg==

sort-package-json@2.15.1:
  version "2.15.1"
  resolved "https://registry.npmjs.org/sort-package-json/-/sort-package-json-2.15.1.tgz"
  integrity sha512-9x9+o8krTT2saA9liI4BljNjwAbvUnWf11Wq+i/iZt8nl2UGYnf3TH5uBydE7VALmP7AGwlfszuEeL8BDyb0YA==
  dependencies:
    detect-indent "^7.0.1"
    detect-newline "^4.0.0"
    get-stdin "^9.0.0"
    git-hooks-list "^3.0.0"
    is-plain-obj "^4.1.0"
    semver "^7.6.0"
    sort-object-keys "^1.1.3"
    tinyglobby "^0.2.9"

string-argv@^0.3.2:
  version "0.3.2"
  resolved "https://registry.npmjs.org/string-argv/-/string-argv-0.3.2.tgz"
  integrity sha512-aqD2Q0144Z+/RqG52NeHEkZauTAUWJO8c6yTftGJKO3Tja5tUgIfmIl6kExvhtxSDP7fXB6DvzkfMpCd/F3G+Q==

string-width@^7.0.0:
  version "7.2.0"
  resolved "https://registry.npmjs.org/string-width/-/string-width-7.2.0.tgz"
  integrity sha512-tsaTIkKW9b4N+AEj+SVA+WhJzV7/zMhcSu78mLKWSk7cXMOSHsBKFWUs0fWwq8QyK3MgJBQRX6Gbi4kYbdvGkQ==
  dependencies:
    emoji-regex "^10.3.0"
    get-east-asian-width "^1.0.0"
    strip-ansi "^7.1.0"

strip-ansi@^7.1.0:
  version "7.1.0"
  resolved "https://registry.npmjs.org/strip-ansi/-/strip-ansi-7.1.0.tgz"
  integrity sha512-iq6eVVI64nQQTRYq2KtEg2d2uU7LElhTJwsH4YzIHZshxlgZms/wIc4VoDQTlG/IvVIrBKG06CrZnp0qv7hkcQ==
  dependencies:
    ansi-regex "^6.0.1"

strip-final-newline@^3.0.0:
  version "3.0.0"
  resolved "https://registry.npmjs.org/strip-final-newline/-/strip-final-newline-3.0.0.tgz"
  integrity sha512-dOESqjYr96iWYylGObzd39EuNTa5VJxyvVAEm5Jnh7KGo75V43Hk1odPQkNDyXNmUR6k+gEiDVXnjB8HJ3crXw==

strnum@^1.0.5:
  version "1.1.2"
  resolved "https://registry.npmjs.org/strnum/-/strnum-1.1.2.tgz"
  integrity sha512-vrN+B7DBIoTTZjnPNewwhx6cBA/H+IS7rfW68n7XxC1y7uoiGQBxaKzqucGUgavX15dJgiGztLJ8vxuEzwqBdA==

synckit@0.9.2:
  version "0.9.2"
  resolved "https://registry.npmjs.org/synckit/-/synckit-0.9.2.tgz"
  integrity sha512-vrozgXDQwYO72vHjUb/HnFbQx1exDjoKzqx23aXEg2a9VIg2TSFZ8FmeZpTjUCFMYw7mpX4BE2SFu8wI7asYsw==
  dependencies:
    "@pkgr/core" "^0.1.0"
    tslib "^2.6.2"

tinyglobby@^0.2.9:
  version "0.2.12"
  resolved "https://registry.npmjs.org/tinyglobby/-/tinyglobby-0.2.12.tgz"
  integrity sha512-qkf4trmKSIiMTs/E63cxH+ojC2unam7rJ0WrauAzpT3ECNTxGRMlaXxVbfxMUC/w0LaYk6jQ4y/nGR9uBO3tww==
  dependencies:
    fdir "^6.4.3"
    picomatch "^4.0.2"

to-regex-range@^5.0.1:
  version "5.0.1"
  resolved "https://registry.npmjs.org/to-regex-range/-/to-regex-range-5.0.1.tgz"
  integrity sha512-65P7iz6X5yEr1cwcgvQxbbIw7Uk3gOy5dIdtZ4rDveLqhrdJP+Li/Hx6tyK0NEb+2GCyneCMJiGqrADCSNk8sQ==
  dependencies:
    is-number "^7.0.0"

tslib@^2.6.2:
  version "2.6.2"
  resolved "https://registry.npmjs.org/tslib/-/tslib-2.6.2.tgz"
  integrity sha512-AEYxH93jGFPn/a2iVAwW87VuUIkR1FVUKB77NwMF7nBTDkDrrT/Hpt/IrCJ0QXhW27jTBDcf5ZY7w6RiqTMw2Q==

uuid@^9.0.1:
  version "9.0.1"
  resolved "https://registry.npmjs.org/uuid/-/uuid-9.0.1.tgz"
  integrity sha512-b+1eJOlsR9K8HJpow9Ok3fiWOWSIcIzXodvv0rQjVoOVNpWMpxf1wZNpt4y9h10odCNrqnYp1OBzRktckBe3sA==

which@^2.0.1:
  version "2.0.2"
  resolved "https://registry.npmjs.org/which/-/which-2.0.2.tgz"
  integrity sha512-BLI3Tl1TW3Pvl70l3yq3Y64i+awpwXqsGBYWkkqMtnbXgrMD+yj7rhW0kuEDxzJaYXGjEW5ogapKNMEKNMjibA==
  dependencies:
    isexe "^2.0.0"

wrap-ansi@^9.0.0:
  version "9.0.0"
  resolved "https://registry.npmjs.org/wrap-ansi/-/wrap-ansi-9.0.0.tgz"
  integrity sha512-G8ura3S+3Z2G+mkgNRq8dqaFZAuxfsxpBB8OCTGRTCtp+l/v9nbFNmCUP1BZMts3G1142MsZfn6eeUKrr4PD1Q==
  dependencies:
    ansi-styles "^6.2.1"
    string-width "^7.0.0"
    strip-ansi "^7.1.0"

yaml@^2.7.0:
  version "2.7.0"
  resolved "https://registry.npmjs.org/yaml/-/yaml-2.7.0.tgz"
  integrity sha512-+hSoy/QHluxmC9kCIJyL/uyFmLmc+e5CFR5Wa+bpIhIj85LVb9ZH2nVnqrHoSvKogwODv0ClqZkmiSSaIH5LTA==
